
Microsoft Visual Studio Solution File, Format Version 12.00
# Visual Studio Version 16
VisualStudioVersion = 16.0.30011.22
MinimumVisualStudioVersion = 10.0.40219.1
Project("{FAE04EC0-301F-11D3-BF4B-00C04F79EFBC}") = "Test.Web", "Test.Web\Test.Web.csproj", "{5031AE19-C0C6-4AC6-8A9D-A08A0CB03236}"
EndProject
Global
	GlobalSection(SolutionConfigurationPlatforms) = preSolution
		Debug|Any CPU = Debug|Any CPU
		Release|Any CPU = Release|Any CPU
	EndGlobalSection
	GlobalSection(ProjectConfigurationPlatforms) = postSolution
		{5031AE19-C0C6-4AC6-8A9D-A08A0CB03236}.Debug|Any CPU.ActiveCfg = Debug|Any CPU
		{5031AE19-C0C6-4AC6-8A9D-A08A0CB03236}.Debug|Any CPU.Build.0 = Debug|Any CPU
		{5031AE19-C0C6-4AC6-8A9D-A08A0CB03236}.Release|Any CPU.ActiveCfg = Release|Any CPU
		{5031AE19-C0C6-4AC6-8A9D-A08A0CB03236}.Release|Any CPU.Build.0 = Release|Any CPU
	EndGlobalSection
	GlobalSection(SolutionProperties) = preSolution
		HideSolutionNode = FALSE
	EndGlobalSection
	GlobalSection(ExtensibilityGlobals) = postSolution
		SolutionGuid = {BFD6CA15-001E-4AAE-9F43-86C04C997ABF}
	EndGlobalSection
EndGlobal
